
Microsoft Visual Studio Solution File, Format Version 12.00
# Visual Studio Version 16
VisualStudioVersion = 16.0.29306.81
MinimumVisualStudioVersion = 10.0.40219.1
Project("{FAE04EC0-301F-11D3-BF4B-00C04F79EFBC}") = "DSA_Assignment", "DSA_Assignment\DSA_Assignment.csproj", "{109C9083-EA58-4844-A1B4-B429E2461EBA}"
EndProject
Global
	GlobalSection(SolutionConfigurationPlatforms) = preSolution
		Debug|Any CPU = Debug|Any CPU
		Release|Any CPU = Release|Any CPU
	EndGlobalSection
	GlobalSection(ProjectConfigurationPlatforms) = postSolution
		{109C9083-EA58-4844-A1B4-B429E2461EBA}.Debug|Any CPU.ActiveCfg = Debug|Any CPU
		{109C9083-EA58-4844-A1B4-B429E2461EBA}.Debug|Any CPU.Build.0 = Debug|Any CPU
		{109C9083-EA58-4844-A1B4-B429E2461EBA}.Release|Any CPU.ActiveCfg = Release|Any CPU
		{109C9083-EA58-4844-A1B4-B429E2461EBA}.Release|Any CPU.Build.0 = Release|Any CPU
	EndGlobalSection
	GlobalSection(SolutionProperties) = preSolution
		HideSolutionNode = FALSE
	EndGlobalSection
	GlobalSection(ExtensibilityGlobals) = postSolution
		SolutionGuid = {4219108D-DBEE-4C3D-8D5A-DC469E6F22D5}
	EndGlobalSection
EndGlobal
